
Microsoft Visual Studio Solution File, Format Version 12.00
# Visual Studio Version 17
VisualStudioVersion = 17.9.34728.123
MinimumVisualStudioVersion = 10.0.40219.1
Project("{FAE04EC0-301F-11D3-BF4B-00C04F79EFBC}") = "ProfileTask", "ProfileTask\ProfileTask.csproj", "{EEA7FB4E-864E-4365-8FE6-3E79F35B5E6C}"
EndProject
Global
	GlobalSection(SolutionConfigurationPlatforms) = preSolution
		Debug|Any CPU = Debug|Any CPU
		Release|Any CPU = Release|Any CPU
	EndGlobalSection
	GlobalSection(ProjectConfigurationPlatforms) = postSolution
		{EEA7FB4E-864E-4365-8FE6-3E79F35B5E6C}.Debug|Any CPU.ActiveCfg = Debug|Any CPU
		{EEA7FB4E-864E-4365-8FE6-3E79F35B5E6C}.Debug|Any CPU.Build.0 = Debug|Any CPU
		{EEA7FB4E-864E-4365-8FE6-3E79F35B5E6C}.Release|Any CPU.ActiveCfg = Release|Any CPU
		{EEA7FB4E-864E-4365-8FE6-3E79F35B5E6C}.Release|Any CPU.Build.0 = Release|Any CPU
	EndGlobalSection
	GlobalSection(SolutionProperties) = preSolution
		HideSolutionNode = FALSE
	EndGlobalSection
	GlobalSection(ExtensibilityGlobals) = postSolution
		SolutionGuid = {E1E3F39C-45FB-4882-8F3B-83F1FB8C4BD6}
	EndGlobalSection
EndGlobal
